<?xml version="1.0" encoding="utf-8"?>
<Project ToolsVersion="4.0" xmlns="http://schemas.microsoft.com/developer/msbuild/2003">
  <ItemGroup>
    <Filter Include="Source Files">
      <UniqueIdentifier>{4FC737F1-C7A5-4376-A066-2A32D752A2FF}</UniqueIdentifier>
      <Extensions>cpp;c;cc;cxx;c++;cppm;ixx;def;odl;idl;hpj;bat;asm;asmx</Extensions>
    </Filter>
    <Filter Include="Header Files">
      <UniqueIdentifier>{93995380-89BD-4b04-88EB-625FBE52EBFB}</UniqueIdentifier>
      <Extensions>h;hh;hpp;hxx;h++;hm;inl;inc;ipp;xsd</Extensions>
    </Filter>
    <Filter Include="Resource Files">
      <UniqueIdentifier>{67DA6AB6-F800-4c08-8B7A-83BB121AAD01}</UniqueIdentifier>
      <Extensions>rc;ico;cur;bmp;dlg;rc2;rct;bin;rgs;gif;jpg;jpeg;jpe;resx;tiff;tif;png;wav;mfcribbon-ms</Extensions>
    </Filter>
    <Filter Include="Source Files\flixel">
      <UniqueIdentifier>{3e30ec70-8811-4c95-b8e0-74147be268f1}</UniqueIdentifier>
    </Filter>
    <Filter Include="Source Files\funkin">
      <UniqueIdentifier>{94f77383-afd7-4782-89e5-f7890925e0ee}</UniqueIdentifier>
    </Filter>
    <Filter Include="Source Files\tinyxml2">
      <UniqueIdentifier>{201d4d8b-449c-4f75-9a3d-44858a9811bf}</UniqueIdentifier>
    </Filter>
    <Filter Include="Source Files\funkin\game">
      <UniqueIdentifier>{e844bf23-af83-4502-9490-76f64405277a}</UniqueIdentifier>
    </Filter>
    <Filter Include="Source Files\funkin\play">
      <UniqueIdentifier>{8975f916-7835-4ff9-ba90-2a844a7a34e7}</UniqueIdentifier>
    </Filter>
    <Filter Include="Source Files\funkin\play\character">
      <UniqueIdentifier>{a90b13a7-640d-415f-ba56-b881ec315252}</UniqueIdentifier>
    </Filter>
    <Filter Include="Source Files\funkin\play\components">
      <UniqueIdentifier>{fe209e8d-5c79-4d3b-bc92-651393d9b8ab}</UniqueIdentifier>
    </Filter>
    <Filter Include="Source Files\funkin\play\notes">
      <UniqueIdentifier>{9ffc8976-b3b2-46d4-b055-6a1638d50114}</UniqueIdentifier>
    </Filter>
    <Filter Include="Source Files\funkin\play\song">
      <UniqueIdentifier>{3a31355f-9313-46da-b021-c837c235ad91}</UniqueIdentifier>
    </Filter>
    <Filter Include="Source Files\funkin\play\stage">
      <UniqueIdentifier>{7b006197-63ef-44ac-a659-a48f17351709}</UniqueIdentifier>
    </Filter>
    <Filter Include="Source Files\funkin\play\scoring">
      <UniqueIdentifier>{e5d8f790-5df1-4f9e-83cc-f1e22d49f8d6}</UniqueIdentifier>
    </Filter>
    <Filter Include="Source Files\funkin\play\input">
      <UniqueIdentifier>{b6e7aa39-1684-4672-aa98-76198f37c14c}</UniqueIdentifier>
    </Filter>
    <Filter Include="Source Files\funkin\ui">
      <UniqueIdentifier>{a46d56c7-4537-4ccd-be12-90692f8ce225}</UniqueIdentifier>
    </Filter>
    <Filter Include="Source Files\funkin\ui\components">
      <UniqueIdentifier>{bdf26f91-ea9c-4778-aa15-b9a37054a930}</UniqueIdentifier>
    </Filter>
    <Filter Include="Source Files\funkin\ui\freeplay">
      <UniqueIdentifier>{6fe61f65-7c20-4184-98c6-1bfccb6bf08f}</UniqueIdentifier>
    </Filter>
  </ItemGroup>
  <ItemGroup>
    <ClCompile Include="..\..\src\main.cpp">
      <Filter>Source Files</Filter>
    </ClCompile>
    <ClCompile Include="..\..\external\flixel\FlxBasic.cpp">
      <Filter>Source Files\flixel</Filter>
    </ClCompile>
    <ClCompile Include="..\..\external\flixel\FlxCamera.cpp">
      <Filter>Source Files\flixel</Filter>
    </ClCompile>
    <ClCompile Include="..\..\external\flixel\FlxG.cpp">
      <Filter>Source Files\flixel</Filter>
    </ClCompile>
    <ClCompile Include="..\..\external\flixel\FlxGame.cpp">
      <Filter>Source Files\flixel</Filter>
    </ClCompile>
    <ClCompile Include="..\..\external\flixel\FlxObject.cpp">
      <Filter>Source Files\flixel</Filter>
    </ClCompile>
    <ClCompile Include="..\..\external\flixel\FlxSprite.cpp">
      <Filter>Source Files\flixel</Filter>
    </ClCompile>
    <ClCompile Include="..\..\external\flixel\FlxState.cpp">
      <Filter>Source Files\flixel</Filter>
    </ClCompile>
    <ClCompile Include="..\..\external\flixel\FlxSubState.cpp">
      <Filter>Source Files\flixel</Filter>
    </ClCompile>
    <ClCompile Include="..\..\external\flixel\animation\FlxAnimationController.cpp">
      <Filter>Source Files\flixel</Filter>
    </ClCompile>
    <ClCompile Include="..\..\external\flixel\graphics\frames\FlxAtlasFrames.cpp">
      <Filter>Source Files\flixel</Filter>
    </ClCompile>
    <ClCompile Include="..\..\external\flixel\sound\FlxSound.cpp">
      <Filter>Source Files\flixel</Filter>
    </ClCompile>
    <ClCompile Include="..\..\external\flixel\sound\FlxSoundGroup.cpp">
      <Filter>Source Files\flixel</Filter>
    </ClCompile>
    <ClCompile Include="..\..\external\flixel\text\FlxText.cpp">
      <Filter>Source Files\flixel</Filter>
    </ClCompile>
    <ClCompile Include="..\..\external\tinyxml2.cpp">
      <Filter>Source Files\tinyxml2</Filter>
    </ClCompile>
    <ClCompile Include="..\..\external\flixel\input\FlxGamepad.cpp">
      <Filter>Source Files\flixel</Filter>
    </ClCompile>
    <ClCompile Include="..\..\src\funkin\game\GameConfig.cpp">
      <Filter>Source Files\funkin\game</Filter>
    </ClCompile>
    <ClCompile Include="..\..\src\funkin\game\Section.cpp">
      <Filter>Source Files\funkin\game</Filter>
    </ClCompile>
    <ClCompile Include="..\..\src\funkin\FunkinState.cpp">
      <Filter>Source Files\funkin</Filter>
    </ClCompile>
    <ClCompile Include="..\..\src\funkin\play\GameOverSubState.cpp">
      <Filter>Source Files\funkin\play</Filter>
    </ClCompile>
    <ClCompile Include="..\..\src\funkin\play\PauseSubState.cpp">
      <Filter>Source Files\funkin\play</Filter>
    </ClCompile>
    <ClCompile Include="..\..\src\funkin\play\PlayState.cpp">
      <Filter>Source Files\funkin\play</Filter>
    </ClCompile>
    <ClCompile Include="..\..\src\funkin\play\character\Character.cpp">
      <Filter>Source Files\funkin\play\character</Filter>
    </ClCompile>
    <ClCompile Include="..\..\src\funkin\play\components\HealthIcon.cpp">
      <Filter>Source Files\funkin\play\components</Filter>
    </ClCompile>
    <ClCompile Include="..\..\src\funkin\play\notes\NoteSprite.cpp">
      <Filter>Source Files\funkin\play\notes</Filter>
    </ClCompile>
    <ClCompile Include="..\..\src\funkin\play\song\Conductor.cpp">
      <Filter>Source Files\funkin\play\song</Filter>
    </ClCompile>
    <ClCompile Include="..\..\src\funkin\play\song\Song.cpp">
      <Filter>Source Files\funkin\play\song</Filter>
    </ClCompile>
    <ClCompile Include="..\..\src\funkin\play\stage\Stage.cpp">
      <Filter>Source Files\funkin\play\stage</Filter>
    </ClCompile>
    <ClCompile Include="..\..\src\funkin\play\Countdown.cpp">
      <Filter>Source Files\funkin\play</Filter>
    </ClCompile>
    <ClCompile Include="..\..\src\funkin\play\components\PopUpStuff.cpp">
      <Filter>Source Files\funkin\play\components</Filter>
    </ClCompile>
    <ClCompile Include="..\..\src\funkin\play\scoring\Scoring.cpp">
      <Filter>Source Files\funkin\play\scoring</Filter>
    </ClCompile>
    <ClCompile Include="..\..\src\funkin\play\notes\Strumline.cpp">
      <Filter>Source Files\funkin\play\notes</Filter>
    </ClCompile>
    <ClCompile Include="..\..\src\funkin\play\input\Controls.cpp">
      <Filter>Source Files\funkin\play\input</Filter>
    </ClCompile>
    <ClCompile Include="..\..\src\funkin\play\notes\NoteManager.cpp">
      <Filter>Source Files\funkin\play\notes</Filter>
    </ClCompile>
    <ClCompile Include="..\..\src\funkin\play\components\HealthBar.cpp">
      <Filter>Source Files\funkin\play\components</Filter>
    </ClCompile>
    <ClCompile Include="..\..\src\funkin\play\song\SongLoader.cpp">
      <Filter>Source Files\funkin\play\song</Filter>
    </ClCompile>
    <ClCompile Include="..\..\src\funkin\play\notes\NoteHitHandler.cpp">
      <Filter>Source Files\funkin\play\notes</Filter>
    </ClCompile>
    <ClCompile Include="..\..\src\funkin\play\GameplayManager.cpp">
      <Filter>Source Files\funkin\play</Filter>
    </ClCompile>
    <ClCompile Include="..\..\src\funkin\play\CameraManager.cpp">
      <Filter>Source Files\funkin\play</Filter>
    </ClCompile>
    <ClCompile Include="..\..\src\funkin\play\notes\NoteUpdateHandler.cpp">
      <Filter>Source Files\funkin\play\notes</Filter>
    </ClCompile>
    <ClCompile Include="..\..\src\funkin\play\PauseHandler.cpp">
      <Filter>Source Files\funkin\play</Filter>
    </ClCompile>
    <ClCompile Include="..\..\src\funkin\play\PlayStateRenderer.cpp">
      <Filter>Source Files\funkin\play</Filter>
    </ClCompile>
    <ClCompile Include="..\..\src\funkin\play\character\CharacterManager.cpp">
      <Filter>Source Files\funkin\play\character</Filter>
    </ClCompile>
    <ClCompile Include="..\..\src\funkin\ui\TitleState.cpp">
      <Filter>Source Files\funkin\ui</Filter>
    </ClCompile>
    <ClCompile Include="..\..\src\funkin\ui\components\Alphabet.cpp">
      <Filter>Source Files\funkin\ui\components</Filter>
    </ClCompile>
    <ClCompile Include="..\..\external\flixel\text\FlxBitmapText.cpp">
      <Filter>Source Files\flixel</Filter>
    </ClCompile>
    <ClCompile Include="..\..\external\flixel\tweens\FlxTween.cpp">
      <Filter>Source Files\flixel</Filter>
    </ClCompile>
    <ClCompile Include="..\..\external\flixel\addons\FlxBackdrop.cpp">
      <Filter>Source Files\flixel</Filter>
    </ClCompile>
    <ClCompile Include="..\..\src\funkin\ui\MainMenuState.cpp">
      <Filter>Source Files\funkin\ui</Filter>
    </ClCompile>
    <ClCompile Include="..\..\src\funkin\ui\NewFreeplayState.cpp">
      <Filter>Source Files\funkin\ui</Filter>
    </ClCompile>
    <ClCompile Include="..\..\src\funkin\ui\freeplay\Capsule.cpp">
      <Filter>Source Files\funkin\ui\freeplay</Filter>
    </ClCompile>
    <ClCompile Include="..\..\src\funkin\ui\freeplay\DigitDisplay.cpp">
      <Filter>Source Files\funkin\ui\freeplay</Filter>
    </ClCompile>
    <ClCompile Include="..\..\src\funkin\ui\components\AtlasMenuItem.cpp">
      <Filter>Source Files\funkin\ui\components</Filter>
    </ClCompile>
    <ClCompile Include="..\..\src\funkin\ui\components\CheckBox.cpp">
      <Filter>Source Files\funkin\ui\components</Filter>
    </ClCompile>
    <ClCompile Include="..\..\src\funkin\ui\OptionsState.cpp">
      <Filter>Source Files\funkin\ui</Filter>
    </ClCompile>
    <ClCompile Include="..\..\external\flixel\effects\FlxFlicker.cpp">
      <Filter>Source Files\flixel</Filter>
    </ClCompile>
    <ClCompile Include="..\..\external\flixel\util\FlxTimer.cpp">
      <Filter>Source Files\flixel</Filter>
    </ClCompile>
  </ItemGroup>
</Project>